<?xml version="1.0" encoding="utf-8"?>
<Project ToolsVersion="4.0" xmlns="http://schemas.microsoft.com/developer/msbuild/2003">
  <ItemGroup>
    <Filter Include="sources">
      <UniqueIdentifier>{4FC737F1-C7A5-4376-A066-2A32D752A2FF}</UniqueIdentifier>
      <Extensions>cpp;c;cc;cxx;c++;cppm;ixx;def;odl;idl;hpj;bat;asm;asmx</Extensions>
    </Filter>
    <Filter Include="headers">
      <UniqueIdentifier>{93995380-89BD-4b04-88EB-625FBE52EBFB}</UniqueIdentifier>
      <Extensions>h;hh;hpp;hxx;h++;hm;inl;inc;ipp;xsd</Extensions>
    </Filter>
    <Filter Include="resources">
      <UniqueIdentifier>{67DA6AB6-F800-4c08-8B7A-83BB121AAD01}</UniqueIdentifier>
      <Extensions>rc;ico;cur;bmp;dlg;rc2;rct;bin;rgs;gif;jpg;jpeg;jpe;resx;tiff;tif;png;wav;mfcribbon-ms</Extensions>
    </Filter>
    <Filter Include="sources\thirdparty">
      <UniqueIdentifier>{705d856e-33f4-4418-bed0-44a716e2a1e9}</UniqueIdentifier>
    </Filter>
    <Filter Include="headers\thirdparty">
      <UniqueIdentifier>{a82accd9-b929-467c-9ba5-188fa25597a1}</UniqueIdentifier>
    </Filter>
    <Filter Include="sources\lua">
      <UniqueIdentifier>{cdee1370-40ae-4f26-bd0d-0c380dddf93d}</UniqueIdentifier>
    </Filter>
    <Filter Include="headers\lua">
      <UniqueIdentifier>{a4f216f0-2418-4c3c-93e1-faad6e48ee5e}</UniqueIdentifier>
    </Filter>
    <Filter Include="headers\editor">
      <UniqueIdentifier>{7fc3ca67-f2ed-48a1-90a0-fe7225a5870d}</UniqueIdentifier>
    </Filter>
    <Filter Include="sources\editor">
      <UniqueIdentifier>{876caa8e-09a7-49c4-9f64-57202a4b8ebf}</UniqueIdentifier>
    </Filter>
    <Filter Include="headers\telegram">
      <UniqueIdentifier>{00f062a4-a410-4753-a06a-233089fc42c9}</UniqueIdentifier>
    </Filter>
    <Filter Include="sources\telegram">
      <UniqueIdentifier>{21b445f2-6321-4e13-8d91-118bdb35f9cf}</UniqueIdentifier>
    </Filter>
    <Filter Include="headers\configs">
      <UniqueIdentifier>{3a64266c-1de9-48fd-b5f3-32d90da02821}</UniqueIdentifier>
    </Filter>
    <Filter Include="sources\configs">
      <UniqueIdentifier>{8579acae-1d7f-4e71-8a93-8c1653d75a88}</UniqueIdentifier>
    </Filter>
    <Filter Include="sources\utility">
      <UniqueIdentifier>{169ea3dc-eea2-4725-a1b5-699febbd224b}</UniqueIdentifier>
    </Filter>
    <Filter Include="headers\utility">
      <UniqueIdentifier>{ca76465d-3c98-4dbe-9a2b-70b62ec8ad98}</UniqueIdentifier>
    </Filter>
    <Filter Include="sources\lua\api">
      <UniqueIdentifier>{fb7fb7ac-4d1b-4094-a752-7a12d65aea71}</UniqueIdentifier>
    </Filter>
    <Filter Include="headers\lua\api">
      <UniqueIdentifier>{edf76b50-e418-46a8-88b2-25713f334fd5}</UniqueIdentifier>
    </Filter>
    <Filter Include="headers\security">
      <UniqueIdentifier>{3d633f24-0bed-4ed2-82f8-ed8d881f1785}</UniqueIdentifier>
    </Filter>
    <Filter Include="headers\storage">
      <UniqueIdentifier>{e542660b-1adc-4107-a5d6-542c43d4c684}</UniqueIdentifier>
    </Filter>
    <Filter Include="sources\security">
      <UniqueIdentifier>{be645278-fb4e-4513-ae76-bd18eb113168}</UniqueIdentifier>
    </Filter>
    <Filter Include="sources\storage">
      <UniqueIdentifier>{ef521af1-5d95-4a6d-8da3-07d44337d277}</UniqueIdentifier>
    </Filter>
    <Filter Include="headers\thirdparty\vfs">
      <UniqueIdentifier>{3d8ce95f-9c28-4db5-8b94-1c6353400cd3}</UniqueIdentifier>
    </Filter>
  </ItemGroup>
  <ItemGroup>
    <ClCompile Include="thirdparty\imgui-docking\imgui_widgets.cpp">
      <Filter>sources\thirdparty</Filter>
    </ClCompile>
    <ClCompile Include="thirdparty\imgui-docking\imgui.cpp">
      <Filter>sources\thirdparty</Filter>
    </ClCompile>
    <ClCompile Include="thirdparty\imgui-docking\imgui_demo.cpp">
      <Filter>sources\thirdparty</Filter>
    </ClCompile>
    <ClCompile Include="thirdparty\imgui-docking\imgui_draw.cpp">
      <Filter>sources\thirdparty</Filter>
    </ClCompile>
    <ClCompile Include="thirdparty\imgui-docking\imgui_tables.cpp">
      <Filter>sources\thirdparty</Filter>
    </ClCompile>
    <ClCompile Include="main.cxx">
      <Filter>sources</Filter>
    </ClCompile>
    <ClCompile Include="thirdparty\imgui-docking\backends\imgui_impl_glfw.cpp">
      <Filter>sources\thirdparty</Filter>
    </ClCompile>
    <ClCompile Include="thirdparty\imgui-docking\backends\imgui_impl_opengl3.cpp">
      <Filter>sources\thirdparty</Filter>
    </ClCompile>
    <ClCompile Include="thirdparty\imgui-docking\backends\imgui_impl_win32.cpp">
      <Filter>sources\thirdparty</Filter>
    </ClCompile>
    <ClCompile Include="bot_runtime.cxx">
      <Filter>sources\telegram</Filter>
    </ClCompile>
    <ClCompile Include="expected.cxx">
      <Filter>sources\utility</Filter>
    </ClCompile>
    <ClCompile Include="lua_load.cxx">
      <Filter>sources\lua</Filter>
    </ClCompile>
    <ClCompile Include="parse_args.cxx">
      <Filter>sources\utility</Filter>
    </ClCompile>
    <ClCompile Include="lua_api.cxx">
      <Filter>sources\lua\api</Filter>
    </ClCompile>
    <ClCompile Include="user_session.cxx">
      <Filter>sources\telegram</Filter>
    </ClCompile>
    <ClCompile Include="lua_api_types.cxx">
      <Filter>sources\lua\api</Filter>
    </ClCompile>
    <ClCompile Include="lua_api_functions.cxx">
      <Filter>sources\lua\api</Filter>
    </ClCompile>
    <ClCompile Include="thirdparty\imtextedit\TextEditor.cpp">
      <Filter>sources\thirdparty</Filter>
    </ClCompile>
    <ClCompile Include="strings.cxx">
      <Filter>sources\utility</Filter>
    </ClCompile>
    <ClCompile Include="error.cxx">
      <Filter>sources\utility</Filter>
    </ClCompile>
    <ClCompile Include="logging.cxx">
      <Filter>sources\utility</Filter>
    </ClCompile>
    <ClCompile Include="editor.cxx">
      <Filter>sources\editor</Filter>
    </ClCompile>
    <ClCompile Include="configs.cxx">
      <Filter>sources\configs</Filter>
    </ClCompile>
    <ClCompile Include="zip2memvfs.cxx">
      <Filter>sources\storage</Filter>
    </ClCompile>
    <ClCompile Include="security.cxx">
      <Filter>sources\security</Filter>
    </ClCompile>
    <ClCompile Include="bot_workbench.cxx">
      <Filter>sources\editor</Filter>
    </ClCompile>
    <ClCompile Include="zip2mem_subdir.cxx">
      <Filter>sources\storage</Filter>
    </ClCompile>
  </ItemGroup>
  <ItemGroup>
    <ClInclude Include="thirdparty\imgui-docking\imconfig.h">
      <Filter>headers\thirdparty</Filter>
    </ClInclude>
    <ClInclude Include="thirdparty\imgui-docking\imgui.h">
      <Filter>headers\thirdparty</Filter>
    </ClInclude>
    <ClInclude Include="thirdparty\imgui-docking\imgui_internal.h">
      <Filter>headers\thirdparty</Filter>
    </ClInclude>
    <ClInclude Include="thirdparty\imgui-docking\imstb_rectpack.h">
      <Filter>headers\thirdparty</Filter>
    </ClInclude>
    <ClInclude Include="thirdparty\imgui-docking\imstb_textedit.h">
      <Filter>headers\thirdparty</Filter>
    </ClInclude>
    <ClInclude Include="thirdparty\imgui-docking\imstb_truetype.h">
      <Filter>headers\thirdparty</Filter>
    </ClInclude>
    <ClInclude Include="thirdparty\imgui-docking\backends\imgui_impl_glfw.h">
      <Filter>headers\thirdparty</Filter>
    </ClInclude>
    <ClInclude Include="thirdparty\imgui-docking\backends\imgui_impl_opengl3.h">
      <Filter>headers\thirdparty</Filter>
    </ClInclude>
    <ClInclude Include="thirdparty\imgui-docking\backends\imgui_impl_opengl3_loader.h">
      <Filter>headers\thirdparty</Filter>
    </ClInclude>
    <ClInclude Include="thirdparty\imgui-docking\backends\imgui_impl_win32.h">
      <Filter>headers\thirdparty</Filter>
    </ClInclude>
    <ClInclude Include="bot_runtime.hxx">
      <Filter>headers\telegram</Filter>
    </ClInclude>
    <ClInclude Include="lua_load.hxx">
      <Filter>headers\lua</Filter>
    </ClInclude>
    <ClInclude Include="expected.hxx">
      <Filter>headers\utility</Filter>
    </ClInclude>
    <ClInclude Include="parse_args.hxx">
      <Filter>headers\utility</Filter>
    </ClInclude>
    <ClInclude Include="lua_api.hxx">
      <Filter>headers\lua\api</Filter>
    </ClInclude>
    <ClInclude Include="user_session.hxx">
      <Filter>headers\telegram</Filter>
    </ClInclude>
    <ClInclude Include="lua_api_functions.hxx">
      <Filter>headers\lua\api</Filter>
    </ClInclude>
    <ClInclude Include="lua_api_types.hxx">
      <Filter>headers\lua\api</Filter>
    </ClInclude>
    <ClInclude Include="thirdparty\imtextedit\TextEditor.h">
      <Filter>headers\thirdparty</Filter>
    </ClInclude>
    <ClInclude Include="globals.hxx">
      <Filter>headers</Filter>
    </ClInclude>
    <ClInclude Include="strings.hxx">
      <Filter>headers\utility</Filter>
    </ClInclude>
    <ClInclude Include="error.hxx">
      <Filter>headers\utility</Filter>
    </ClInclude>
    <ClInclude Include="logging.hxx">
      <Filter>headers\utility</Filter>
    </ClInclude>
    <ClInclude Include="logdef.hxx">
      <Filter>headers\utility</Filter>
    </ClInclude>
    <ClInclude Include="editor.hxx">
      <Filter>headers\editor</Filter>
    </ClInclude>
    <ClInclude Include="configs.hxx">
      <Filter>headers\configs</Filter>
    </ClInclude>
    <ClInclude Include="zip2memvfs.hxx">
      <Filter>headers\storage</Filter>
    </ClInclude>
    <ClInclude Include="security.hxx">
      <Filter>headers\security</Filter>
    </ClInclude>
    <ClInclude Include="thirdparty\vfspp\ZipFileSystem.hpp">
      <Filter>headers\thirdparty\vfs</Filter>
    </ClInclude>
    <ClInclude Include="thirdparty\vfspp\ZipFile.hpp">
      <Filter>headers\thirdparty\vfs</Filter>
    </ClInclude>
    <ClInclude Include="thirdparty\vfspp\VirtualFileSystem.hpp">
      <Filter>headers\thirdparty\vfs</Filter>
    </ClInclude>
    <ClInclude Include="thirdparty\vfspp\VFS.h">
      <Filter>headers\thirdparty\vfs</Filter>
    </ClInclude>
    <ClInclude Include="thirdparty\vfspp\StringUtils.hpp">
      <Filter>headers\thirdparty\vfs</Filter>
    </ClInclude>
    <ClInclude Include="thirdparty\vfspp\NativeFileSystem.hpp">
      <Filter>headers\thirdparty\vfs</Filter>
    </ClInclude>
    <ClInclude Include="thirdparty\vfspp\NativeFile.hpp">
      <Filter>headers\thirdparty\vfs</Filter>
    </ClInclude>
    <ClInclude Include="thirdparty\vfspp\MemoryFileSystem.hpp">
      <Filter>headers\thirdparty\vfs</Filter>
    </ClInclude>
    <ClInclude Include="thirdparty\vfspp\MemoryFile.hpp">
      <Filter>headers\thirdparty\vfs</Filter>
    </ClInclude>
    <ClInclude Include="thirdparty\vfspp\IFileSystem.h">
      <Filter>headers\thirdparty\vfs</Filter>
    </ClInclude>
    <ClInclude Include="thirdparty\vfspp\IFile.h">
      <Filter>headers\thirdparty\vfs</Filter>
    </ClInclude>
    <ClInclude Include="thirdparty\vfspp\Global.h">
      <Filter>headers\thirdparty\vfs</Filter>
    </ClInclude>
    <ClInclude Include="thirdparty\vfspp\FileInfo.hpp">
      <Filter>headers\thirdparty\vfs</Filter>
    </ClInclude>
    <ClInclude Include="bot_workbench.hxx">
      <Filter>headers\editor</Filter>
    </ClInclude>
    <ClInclude Include="fsizes.hxx">
      <Filter>headers</Filter>
    </ClInclude>
  </ItemGroup>
</Project>